// !$*UTF8*$!
{
	archiveVersion = 1;
	classes = {
	};
	objectVersion = 56;
	objects = {

/* Begin PBXBuildFile section */
		3C037A532B5C20D500E591BD /* Question.swift in Sources */ = {isa = PBXBuildFile; fileRef = 3C037A522B5C20D500E591BD /* Question.swift */; };
		3C037A552B5C22F400E591BD /* ChoiceTextView.swift in Sources */ = {isa = PBXBuildFile; fileRef = 3C037A542B5C22F400E591BD /* ChoiceTextView.swift */; };
		3C0825D12B4B557A000FC7EC /* CodeHistoryApp.swift in Sources */ = {isa = PBXBuildFile; fileRef = 3C0825D02B4B557A000FC7EC /* CodeHistoryApp.swift */; };
		3C0825D32B4B557A000FC7EC /* GameView.swift in Sources */ = {isa = PBXBuildFile; fileRef = 3C0825D22B4B557A000FC7EC /* GameView.swift */; };
		3C0825D52B4B557B000FC7EC /* Assets.xcassets in Resources */ = {isa = PBXBuildFile; fileRef = 3C0825D42B4B557B000FC7EC /* Assets.xcassets */; };
		3C0825D82B4B557B000FC7EC /* Preview Assets.xcassets in Resources */ = {isa = PBXBuildFile; fileRef = 3C0825D72B4B557B000FC7EC /* Preview Assets.xcassets */; };
		3C5685DD2B6A56E4008F0B74 /* Game.swift in Sources */ = {isa = PBXBuildFile; fileRef = 3C5685DC2B6A56E4008F0B74 /* Game.swift */; };
		3C6CFDD32B6B9B7100C7D505 /* WelcomeView.swift in Sources */ = {isa = PBXBuildFile; fileRef = 3C6CFDD22B6B9B7100C7D505 /* WelcomeView.swift */; };
		3C6CFDD72B6B9E8100C7D505 /* GameColor.swift in Sources */ = {isa = PBXBuildFile; fileRef = 3C6CFDD62B6B9E8100C7D505 /* GameColor.swift */; };
		3C6CFDD92B6B9FD200C7D505 /* BottomTextView.swift in Sources */ = {isa = PBXBuildFile; fileRef = 3C6CFDD82B6B9FD200C7D505 /* BottomTextView.swift */; };
/* End PBXBuildFile section */

/* Begin PBXFileReference section */
		3C037A522B5C20D500E591BD /* Question.swift */ = {isa = PBXFileReference; lastKnownFileType = sourcecode.swift; path = Question.swift; sourceTree = "<group>"; };
		3C037A542B5C22F400E591BD /* ChoiceTextView.swift */ = {isa = PBXFileReference; lastKnownFileType = sourcecode.swift; path = ChoiceTextView.swift; sourceTree = "<group>"; };
		3C0825CD2B4B557A000FC7EC /* Code History.app */ = {isa = PBXFileReference; explicitFileType = wrapper.application; includeInIndex = 0; path = "Code History.app"; sourceTree = BUILT_PRODUCTS_DIR; };
		3C0825D02B4B557A000FC7EC /* CodeHistoryApp.swift */ = {isa = PBXFileReference; lastKnownFileType = sourcecode.swift; path = CodeHistoryApp.swift; sourceTree = "<group>"; };
		3C0825D22B4B557A000FC7EC /* GameView.swift */ = {isa = PBXFileReference; lastKnownFileType = sourcecode.swift; path = GameView.swift; sourceTree = "<group>"; };
		3C0825D42B4B557B000FC7EC /* Assets.xcassets */ = {isa = PBXFileReference; lastKnownFileType = folder.assetcatalog; path = Assets.xcassets; sourceTree = "<group>"; };
		3C0825D72B4B557B000FC7EC /* Preview Assets.xcassets */ = {isa = PBXFileReference; lastKnownFileType = folder.assetcatalog; path = "Preview Assets.xcassets"; sourceTree = "<group>"; };
		3C5685DC2B6A56E4008F0B74 /* Game.swift */ = {isa = PBXFileReference; lastKnownFileType = sourcecode.swift; path = Game.swift; sourceTree = "<group>"; };
		3C6CFDD22B6B9B7100C7D505 /* WelcomeView.swift */ = {isa = PBXFileReference; lastKnownFileType = sourcecode.swift; path = WelcomeView.swift; sourceTree = "<group>"; };
		3C6CFDD62B6B9E8100C7D505 /* GameColor.swift */ = {isa = PBXFileReference; lastKnownFileType = sourcecode.swift; path = GameColor.swift; sourceTree = "<group>"; };
		3C6CFDD82B6B9FD200C7D505 /* BottomTextView.swift */ = {isa = PBXFileReference; lastKnownFileType = sourcecode.swift; path = BottomTextView.swift; sourceTree = "<group>"; };
/* End PBXFileReference section */

/* Begin PBXFrameworksBuildPhase section */
		3C0825CA2B4B557A000FC7EC /* Frameworks */ = {
			isa = PBXFrameworksBuildPhase;
			buildActionMask = 2147483647;
			files = (
			);
			runOnlyForDeploymentPostprocessing = 0;
		};
/* End PBXFrameworksBuildPhase section */

/* Begin PBXGroup section */
		3C0825C42B4B557A000FC7EC = {
			isa = PBXGroup;
			children = (
				3C0825CF2B4B557A000FC7EC /* Code History */,
				3C0825CE2B4B557A000FC7EC /* Products */,
			);
			sourceTree = "<group>";
		};
		3C0825CE2B4B557A000FC7EC /* Products */ = {
			isa = PBXGroup;
			children = (
				3C0825CD2B4B557A000FC7EC /* Code History.app */,
			);
			name = Products;
			sourceTree = "<group>";
		};
		3C0825CF2B4B557A000FC7EC /* Code History */ = {
			isa = PBXGroup;
			children = (
				3C5685DF2B6A576F008F0B74 /* Views */,
				3C5685DE2B6A5748008F0B74 /* Models */,
				3C0825D02B4B557A000FC7EC /* CodeHistoryApp.swift */,
				3C0825D42B4B557B000FC7EC /* Assets.xcassets */,
				3C0825D62B4B557B000FC7EC /* Preview Content */,
			);
			path = "Code History";
			sourceTree = "<group>";
		};
		3C0825D62B4B557B000FC7EC /* Preview Content */ = {
			isa = PBXGroup;
			children = (
				3C0825D72B4B557B000FC7EC /* Preview Assets.xcassets */,
			);
			path = "Preview Content";
			sourceTree = "<group>";
		};
		3C5685DE2B6A5748008F0B74 /* Models */ = {
			isa = PBXGroup;
			children = (
				3C037A522B5C20D500E591BD /* Question.swift */,
				3C5685DC2B6A56E4008F0B74 /* Game.swift */,
			);
			path = Models;
			sourceTree = "<group>";
		};
		3C5685DF2B6A576F008F0B74 /* Views */ = {
			isa = PBXGroup;
			children = (
				3C0825D22B4B557A000FC7EC /* GameView.swift */,
				3C037A542B5C22F400E591BD /* ChoiceTextView.swift */,
				3C6CFDD22B6B9B7100C7D505 /* WelcomeView.swift */,
				3C6CFDD62B6B9E8100C7D505 /* GameColor.swift */,
				3C6CFDD82B6B9FD200C7D505 /* BottomTextView.swift */,
			);
			path = Views;
			sourceTree = "<group>";
		};
/* End PBXGroup section */

/* Begin PBXNativeTarget section */
		3C0825CC2B4B557A000FC7EC /* Code History */ = {
			isa = PBXNativeTarget;
			buildConfigurationList = 3C0825DB2B4B557B000FC7EC /* Build configuration list for PBXNativeTarget "Code History" */;
			buildPhases = (
				3C0825C92B4B557A000FC7EC /* Sources */,
				3C0825CA2B4B557A000FC7EC /* Frameworks */,
				3C0825CB2B4B557A000FC7EC /* Resources */,
			);
			buildRules = (
			);
			dependencies = (
			);
			name = "Code History";
			productName = "Code History";
			productReference = 3C0825CD2B4B557A000FC7EC /* Code History.app */;
			productType = "com.apple.product-type.application";
		};
/* End PBXNativeTarget section */

/* Begin PBXProject section */
		3C0825C52B4B557A000FC7EC /* Project object */ = {
			isa = PBXProject;
			attributes = {
				BuildIndependentTargetsInParallel = 1;
				LastSwiftUpdateCheck = 1510;
				LastUpgradeCheck = 1510;
				TargetAttributes = {
					3C0825CC2B4B557A000FC7EC = {
						CreatedOnToolsVersion = 15.1;
					};
				};
			};
			buildConfigurationList = 3C0825C82B4B557A000FC7EC /* Build configuration list for PBXProject "Code History" */;
			compatibilityVersion = "Xcode 14.0";
			developmentRegion = en;
			hasScannedForEncodings = 0;
			knownRegions = (
				en,
				Base,
			);
			mainGroup = 3C0825C42B4B557A000FC7EC;
			productRefGroup = 3C0825CE2B4B557A000FC7EC /* Products */;
			projectDirPath = "";
			projectRoot = "";
			targets = (
				3C0825CC2B4B557A000FC7EC /* Code History */,
			);
		};
/* End PBXProject section */

/* Begin PBXResourcesBuildPhase section */
		3C0825CB2B4B557A000FC7EC /* Resources */ = {
			isa = PBXResourcesBuildPhase;
			buildActionMask = 2147483647;
			files = (
				3C0825D82B4B557B000FC7EC /* Preview Assets.xcassets in Resources */,
				3C0825D52B4B557B000FC7EC /* Assets.xcassets in Resources */,
			);
			runOnlyForDeploymentPostprocessing = 0;
		};
/* End PBXResourcesBuildPhase section */

/* Begin PBXSourcesBuildPhase section */
		3C0825C92B4B557A000FC7EC /* Sources */ = {
			isa = PBXSourcesBuildPhase;
			buildActionMask = 2147483647;
			files = (
				3C037A532B5C20D500E591BD /* Question.swift in Sources */,
				3C6CFDD32B6B9B7100C7D505 /* WelcomeView.swift in Sources */,
				3C5685DD2B6A56E4008F0B74 /* Game.swift in Sources */,
				3C0825D32B4B557A000FC7EC /* GameView.swift in Sources */,
				3C6CFDD92B6B9FD200C7D505 /* BottomTextView.swift in Sources */,
				3C6CFDD72B6B9E8100C7D505 /* GameColor.swift in Sources */,
				3C037A552B5C22F400E591BD /* ChoiceTextView.swift in Sources */,
				3C0825D12B4B557A000FC7EC /* CodeHistoryApp.swift in Sources */,
			);
			runOnlyForDeploymentPostprocessing = 0;
		};
/* End PBXSourcesBuildPhase section */

/* Begin XCBuildConfiguration section */
		3C0825D92B4B557B000FC7EC /* Debug */ = {
			isa = XCBuildConfiguration;
			buildSettings = {
				ALWAYS_SEARCH_USER_PATHS = NO;
				ASSETCATALOG_COMPILER_GENERATE_SWIFT_ASSET_SYMBOL_EXTENSIONS = YES;
				CLANG_ANALYZER_NONNULL = YES;
				CLANG_ANALYZER_NUMBER_OBJECT_CONVERSION = YES_AGGRESSIVE;
				CLANG_CXX_LANGUAGE_STANDARD = "gnu++20";
				CLANG_ENABLE_MODULES = YES;
				CLANG_ENABLE_OBJC_ARC = YES;
				CLANG_ENABLE_OBJC_WEAK = YES;
				CLANG_WARN_BLOCK_CAPTURE_AUTORELEASING = YES;
				CLANG_WARN_BOOL_CONVERSION = YES;
				CLANG_WARN_COMMA = YES;
				CLANG_WARN_CONSTANT_CONVERSION = YES;
				CLANG_WARN_DEPRECATED_OBJC_IMPLEMENTATIONS = YES;
				CLANG_WARN_DIRECT_OBJC_ISA_USAGE = YES_ERROR;
				CLANG_WARN_DOCUMENTATION_COMMENTS = YES;
				CLANG_WARN_EMPTY_BODY = YES;
				CLANG_WARN_ENUM_CONVERSION = YES;
				CLANG_WARN_INFINITE_RECURSION = YES;
				CLANG_WARN_INT_CONVERSION = YES;
				CLANG_WARN_NON_LITERAL_NULL_CONVERSION = YES;
				CLANG_WARN_OBJC_IMPLICIT_RETAIN_SELF = YES;
				CLANG_WARN_OBJC_LITERAL_CONVERSION = YES;
				CLANG_WARN_OBJC_ROOT_CLASS = YES_ERROR;
				CLANG_WARN_QUOTED_INCLUDE_IN_FRAMEWORK_HEADER = YES;
				CLANG_WARN_RANGE_LOOP_ANALYSIS = YES;
				CLANG_WARN_STRICT_PROTOTYPES = YES;
				CLANG_WARN_SUSPICIOUS_MOVE = YES;
				CLANG_WARN_UNGUARDED_AVAILABILITY = YES_AGGRESSIVE;
				CLANG_WARN_UNREACHABLE_CODE = YES;
				CLANG_WARN__DUPLICATE_METHOD_MATCH = YES;
				COPY_PHASE_STRIP = NO;
				DEBUG_INFORMATION_FORMAT = dwarf;
				ENABLE_STRICT_OBJC_MSGSEND = YES;
				ENABLE_TESTABILITY = YES;
				ENABLE_USER_SCRIPT_SANDBOXING = YES;
				GCC_C_LANGUAGE_STANDARD = gnu17;
				GCC_DYNAMIC_NO_PIC = NO;
				GCC_NO_COMMON_BLOCKS = YES;
				GCC_OPTIMIZATION_LEVEL = 0;
				GCC_PREPROCESSOR_DEFINITIONS = (
					"DEBUG=1",
					"$(inherited)",
				);
				GCC_WARN_64_TO_32_BIT_CONVERSION = YES;
				GCC_WARN_ABOUT_RETURN_TYPE = YES_ERROR;
				GCC_WARN_UNDECLARED_SELECTOR = YES;
				GCC_WARN_UNINITIALIZED_AUTOS = YES_AGGRESSIVE;
				GCC_WARN_UNUSED_FUNCTION = YES;
				GCC_WARN_UNUSED_VARIABLE = YES;
				IPHONEOS_DEPLOYMENT_TARGET = 17.2;
				LOCALIZATION_PREFERS_STRING_CATALOGS = YES;
				MTL_ENABLE_DEBUG_INFO = INCLUDE_SOURCE;
				MTL_FAST_MATH = YES;
				ONLY_ACTIVE_ARCH = YES;
				SDKROOT = iphoneos;
				SWIFT_ACTIVE_COMPILATION_CONDITIONS = "DEBUG $(inherited)";
				SWIFT_OPTIMIZATION_LEVEL = "-Onone";
			};
			name = Debug;
		};
		3C0825DA2B4B557B000FC7EC /* Release */ = {
			isa = XCBuildConfiguration;
			buildSettings = {
				ALWAYS_SEARCH_USER_PATHS = NO;
				ASSETCATALOG_COMPILER_GENERATE_SWIFT_ASSET_SYMBOL_EXTENSIONS = YES;
				CLANG_ANALYZER_NONNULL = YES;
				CLANG_ANALYZER_NUMBER_OBJECT_CONVERSION = YES_AGGRESSIVE;
				CLANG_CXX_LANGUAGE_STANDARD = "gnu++20";
				CLANG_ENABLE_MODULES = YES;
				CLANG_ENABLE_OBJC_ARC = YES;
				CLANG_ENABLE_OBJC_WEAK = YES;
				CLANG_WARN_BLOCK_CAPTURE_AUTORELEASING = YES;
				CLANG_WARN_BOOL_CONVERSION = YES;
				CLANG_WARN_COMMA = YES;
				CLANG_WARN_CONSTANT_CONVERSION = YES;
				CLANG_WARN_DEPRECATED_OBJC_IMPLEMENTATIONS = YES;
				CLANG_WARN_DIRECT_OBJC_ISA_USAGE = YES_ERROR;
				CLANG_WARN_DOCUMENTATION_COMMENTS = YES;
				CLANG_WARN_EMPTY_BODY = YES;
				CLANG_WARN_ENUM_CONVERSION = YES;
				CLANG_WARN_INFINITE_RECURSION = YES;
				CLANG_WARN_INT_CONVERSION = YES;
				CLANG_WARN_NON_LITERAL_NULL_CONVERSION = YES;
				CLANG_WARN_OBJC_IMPLICIT_RETAIN_SELF = YES;
				CLANG_WARN_OBJC_LITERAL_CONVERSION = YES;
				CLANG_WARN_OBJC_ROOT_CLASS = YES_ERROR;
				CLANG_WARN_QUOTED_INCLUDE_IN_FRAMEWORK_HEADER = YES;
				CLANG_WARN_RANGE_LOOP_ANALYSIS = YES;
				CLANG_WARN_STRICT_PROTOTYPES = YES;
				CLANG_WARN_SUSPICIOUS_MOVE = YES;
				CLANG_WARN_UNGUARDED_AVAILABILITY = YES_AGGRESSIVE;
				CLANG_WARN_UNREACHABLE_CODE = YES;
				CLANG_WARN__DUPLICATE_METHOD_MATCH = YES;
				COPY_PHASE_STRIP = NO;
				DEBUG_INFORMATION_FORMAT = "dwarf-with-dsym";
				ENABLE_NS_ASSERTIONS = NO;
				ENABLE_STRICT_OBJC_MSGSEND = YES;
				ENABLE_USER_SCRIPT_SANDBOXING = YES;
				GCC_C_LANGUAGE_STANDARD = gnu17;
				GCC_NO_COMMON_BLOCKS = YES;
				GCC_WARN_64_TO_32_BIT_CONVERSION = YES;
				GCC_WARN_ABOUT_RETURN_TYPE = YES_ERROR;
				GCC_WARN_UNDECLARED_SELECTOR = YES;
				GCC_WARN_UNINITIALIZED_AUTOS = YES_AGGRESSIVE;
				GCC_WARN_UNUSED_FUNCTION = YES;
				GCC_WARN_UNUSED_VARIABLE = YES;
				IPHONEOS_DEPLOYMENT_TARGET = 17.2;
				LOCALIZATION_PREFERS_STRING_CATALOGS = YES;
				MTL_ENABLE_DEBUG_INFO = NO;
				MTL_FAST_MATH = YES;
				SDKROOT = iphoneos;
				SWIFT_COMPILATION_MODE = wholemodule;
				VALIDATE_PRODUCT = YES;
			};
			name = Release;
		};
		3C0825DC2B4B557B000FC7EC /* Debug */ = {
			isa = XCBuildConfiguration;
			buildSettings = {
				ASSETCATALOG_COMPILER_APPICON_NAME = AppIcon;
				ASSETCATALOG_COMPILER_GLOBAL_ACCENT_COLOR_NAME = AccentColor;
				CODE_SIGN_STYLE = Automatic;
				CURRENT_PROJECT_VERSION = 1;
				DEVELOPMENT_ASSET_PATHS = "\"Code History/Preview Content\"";
				DEVELOPMENT_TEAM = RVV859V8MS;
				ENABLE_PREVIEWS = YES;
				GENERATE_INFOPLIST_FILE = YES;
				INFOPLIST_KEY_UIApplicationSceneManifest_Generation = YES;
				INFOPLIST_KEY_UIApplicationSupportsIndirectInputEvents = YES;
				INFOPLIST_KEY_UILaunchScreen_Generation = YES;
				INFOPLIST_KEY_UISupportedInterfaceOrientations_iPad = "UIInterfaceOrientationPortrait UIInterfaceOrientationPortraitUpsideDown UIInterfaceOrientationLandscapeLeft UIInterfaceOrientationLandscapeRight";
				INFOPLIST_KEY_UISupportedInterfaceOrientations_iPhone = "UIInterfaceOrientationPortrait UIInterfaceOrientationLandscapeLeft UIInterfaceOrientationLandscapeRight";
				LD_RUNPATH_SEARCH_PATHS = (
					"$(inherited)",
					"@executable_path/Frameworks",
				);
				MARKETING_VERSION = 1.0;
				PRODUCT_BUNDLE_IDENTIFIER = "co.alishafiei.Code-History";
				PRODUCT_NAME = "$(TARGET_NAME)";
				SWIFT_EMIT_LOC_STRINGS = YES;
				SWIFT_VERSION = 5.0;
				TARGETED_DEVICE_FAMILY = "1,2";
			};
			name = Debug;
		};
		3C0825DD2B4B557B000FC7EC /* Release */ = {
			isa = XCBuildConfiguration;
			buildSettings = {
				ASSETCATALOG_COMPILER_APPICON_NAME = AppIcon;
				ASSETCATALOG_COMPILER_GLOBAL_ACCENT_COLOR_NAME = AccentColor;
				CODE_SIGN_STYLE = Automatic;
				CURRENT_PROJECT_VERSION = 1;
				DEVELOPMENT_ASSET_PATHS = "\"Code History/Preview Content\"";
				DEVELOPMENT_TEAM = RVV859V8MS;
				ENABLE_PREVIEWS = YES;
				GENERATE_INFOPLIST_FILE = YES;
				INFOPLIST_KEY_UIApplicationSceneManifest_Generation = YES;
				INFOPLIST_KEY_UIApplicationSupportsIndirectInputEvents = YES;
				INFOPLIST_KEY_UILaunchScreen_Generation = YES;
				INFOPLIST_KEY_UISupportedInterfaceOrientations_iPad = "UIInterfaceOrientationPortrait UIInterfaceOrientationPortraitUpsideDown UIInterfaceOrientationLandscapeLeft UIInterfaceOrientationLandscapeRight";
				INFOPLIST_KEY_UISupportedInterfaceOrientations_iPhone = "UIInterfaceOrientationPortrait UIInterfaceOrientationLandscapeLeft UIInterfaceOrientationLandscapeRight";
				LD_RUNPATH_SEARCH_PATHS = (
					"$(inherited)",
					"@executable_path/Frameworks",
				);
				MARKETING_VERSION = 1.0;
				PRODUCT_BUNDLE_IDENTIFIER = "co.alishafiei.Code-History";
				PRODUCT_NAME = "$(TARGET_NAME)";
				SWIFT_EMIT_LOC_STRINGS = YES;
				SWIFT_VERSION = 5.0;
				TARGETED_DEVICE_FAMILY = "1,2";
			};
			name = Release;
		};
/* End XCBuildConfiguration section */

/* Begin XCConfigurationList section */
		3C0825C82B4B557A000FC7EC /* Build configuration list for PBXProject "Code History" */ = {
			isa = XCConfigurationList;
			buildConfigurations = (
				3C0825D92B4B557B000FC7EC /* Debug */,
				3C0825DA2B4B557B000FC7EC /* Release */,
			);
			defaultConfigurationIsVisible = 0;
			defaultConfigurationName = Release;
		};
		3C0825DB2B4B557B000FC7EC /* Build configuration list for PBXNativeTarget "Code History" */ = {
			isa = XCConfigurationList;
			buildConfigurations = (
				3C0825DC2B4B557B000FC7EC /* Debug */,
				3C0825DD2B4B557B000FC7EC /* Release */,
			);
			defaultConfigurationIsVisible = 0;
			defaultConfigurationName = Release;
		};
/* End XCConfigurationList section */
	};
	rootObject = 3C0825C52B4B557A000FC7EC /* Project object */;
}
